
Microsoft Visual Studio Solution File, Format Version 12.00
# Visual Studio 2012
Project("{2150E333-8FDC-42A3-9474-1A3956D46DE8}") = "Host", "Host", "{E196ED40-C7C3-401E-8F2F-AEB9F814266C}"
EndProject
Project("{2150E333-8FDC-42A3-9474-1A3956D46DE8}") = "Basis", "Basis", "{B02974DC-4651-454F-A29F-FE722306420A}"
EndProject
Project("{2150E333-8FDC-42A3-9474-1A3956D46DE8}") = "Service", "Service", "{A7ECF6A4-77AD-4043-94E9-A24AFBA45B03}"
EndProject
Project("{2150E333-8FDC-42A3-9474-1A3956D46DE8}") = "Client", "Client", "{944A7383-D313-479B-A3E4-38785279F794}"
EndProject
Project("{FAE04EC0-301F-11D3-BF4B-00C04F79EFBC}") = "Client.Model", "Client.Model\Client.Model.csproj", "{250C87FD-09D6-480A-AF1D-8281D8A0E132}"
EndProject
Project("{FAE04EC0-301F-11D3-BF4B-00C04F79EFBC}") = "Client.Model.Manager", "Client.Model.Manager\Client.Model.Manager.csproj", "{32C48842-8EAE-463C-81CC-9C2CE4A37396}"
EndProject
Project("{FAE04EC0-301F-11D3-BF4B-00C04F79EFBC}") = "Client.Service", "Client.Service\Client.Service.csproj", "{15B3E0D2-6217-493A-A690-158C497F5318}"
EndProject
Project("{FAE04EC0-301F-11D3-BF4B-00C04F79EFBC}") = "Client.Service.DataContract", "Client.Service.DataContract\Client.Service.DataContract.csproj", "{7F28EBDB-34CC-4F78-AAD2-A87EA4C8AFEF}"
EndProject
Project("{FAE04EC0-301F-11D3-BF4B-00C04F79EFBC}") = "Client.Service.Reader", "Client.Service.Reader\Client.Service.Reader.csproj", "{3C59AAD9-49E7-45E7-A87B-13B45441F47C}"
EndProject
Project("{2150E333-8FDC-42A3-9474-1A3956D46DE8}") = "CustomerService", "CustomerService", "{61BCDF47-3D1A-4636-B924-6F905C3632EA}"
EndProject
Project("{FAE04EC0-301F-11D3-BF4B-00C04F79EFBC}") = "Client.Host.Framework", "Client.Host.Framework\Client.Host.Framework.csproj", "{4A6DD88D-FB57-4202-9AFD-4C5EFADA6F66}"
EndProject
Project("{FAE04EC0-301F-11D3-BF4B-00C04F79EFBC}") = "Client.Host", "Client.Host\Client.Host.csproj", "{863677A4-15D4-45D9-BEB5-4D18EAF9130D}"
EndProject
Project("{FAE04EC0-301F-11D3-BF4B-00C04F79EFBC}") = "ToClient", "ToClient\ToClient.csproj", "{FAA4F6E8-5C99-48DF-98BC-3CF867D1A366}"
	ProjectSection(ProjectDependencies) = postProject
		{5500DBB7-EE06-4810-8E9D-696A57A67265} = {5500DBB7-EE06-4810-8E9D-696A57A67265}
	EndProjectSection
EndProject
Project("{FAE04EC0-301F-11D3-BF4B-00C04F79EFBC}") = "ToClient.Web", "ToClient.Web\ToClient.Web.csproj", "{5500DBB7-EE06-4810-8E9D-696A57A67265}"
EndProject
Project("{FAE04EC0-301F-11D3-BF4B-00C04F79EFBC}") = "Client.CustomerService", "Client.CustomerService\Client.CustomerService.csproj", "{1E561CF3-6F6C-4054-8F16-339D0FB084E5}"
EndProject
Project("{FAE04EC0-301F-11D3-BF4B-00C04F79EFBC}") = "Client.CustomerService.Web", "Client.CustomerService.Web\Client.CustomerService.Web.csproj", "{E16DBB4E-B068-45E4-ADB6-77D468E3E35D}"
EndProject
Project("{FAE04EC0-301F-11D3-BF4B-00C04F79EFBC}") = "Client.CustomerService.Control", "Client.CustomerService.Control\Client.CustomerService.Control.csproj", "{747220C9-2893-42BE-B066-FC492194D146}"
EndProject
Project("{FAE04EC0-301F-11D3-BF4B-00C04F79EFBC}") = "Client.CustomerService.Framework", "Client.CustomerService.Framework\Client.CustomerService.Framework.csproj", "{8BD05702-F34A-4AA5-99F4-2F32A3F77E47}"
	ProjectSection(ProjectDependencies) = postProject
		{E16DBB4E-B068-45E4-ADB6-77D468E3E35D} = {E16DBB4E-B068-45E4-ADB6-77D468E3E35D}
	EndProjectSection
EndProject
Global
	GlobalSection(SolutionConfigurationPlatforms) = preSolution
		Debug|Any CPU = Debug|Any CPU
		Release|Any CPU = Release|Any CPU
	EndGlobalSection
	GlobalSection(ProjectConfigurationPlatforms) = postSolution
		{250C87FD-09D6-480A-AF1D-8281D8A0E132}.Debug|Any CPU.ActiveCfg = Debug|Any CPU
		{250C87FD-09D6-480A-AF1D-8281D8A0E132}.Debug|Any CPU.Build.0 = Debug|Any CPU
		{250C87FD-09D6-480A-AF1D-8281D8A0E132}.Release|Any CPU.ActiveCfg = Release|Any CPU
		{250C87FD-09D6-480A-AF1D-8281D8A0E132}.Release|Any CPU.Build.0 = Release|Any CPU
		{32C48842-8EAE-463C-81CC-9C2CE4A37396}.Debug|Any CPU.ActiveCfg = Debug|Any CPU
		{32C48842-8EAE-463C-81CC-9C2CE4A37396}.Debug|Any CPU.Build.0 = Debug|Any CPU
		{32C48842-8EAE-463C-81CC-9C2CE4A37396}.Release|Any CPU.ActiveCfg = Release|Any CPU
		{32C48842-8EAE-463C-81CC-9C2CE4A37396}.Release|Any CPU.Build.0 = Release|Any CPU
		{15B3E0D2-6217-493A-A690-158C497F5318}.Debug|Any CPU.ActiveCfg = Debug|Any CPU
		{15B3E0D2-6217-493A-A690-158C497F5318}.Debug|Any CPU.Build.0 = Debug|Any CPU
		{15B3E0D2-6217-493A-A690-158C497F5318}.Release|Any CPU.ActiveCfg = Release|Any CPU
		{15B3E0D2-6217-493A-A690-158C497F5318}.Release|Any CPU.Build.0 = Release|Any CPU
		{7F28EBDB-34CC-4F78-AAD2-A87EA4C8AFEF}.Debug|Any CPU.ActiveCfg = Debug|Any CPU
		{7F28EBDB-34CC-4F78-AAD2-A87EA4C8AFEF}.Debug|Any CPU.Build.0 = Debug|Any CPU
		{7F28EBDB-34CC-4F78-AAD2-A87EA4C8AFEF}.Release|Any CPU.ActiveCfg = Release|Any CPU
		{7F28EBDB-34CC-4F78-AAD2-A87EA4C8AFEF}.Release|Any CPU.Build.0 = Release|Any CPU
		{3C59AAD9-49E7-45E7-A87B-13B45441F47C}.Debug|Any CPU.ActiveCfg = Debug|Any CPU
		{3C59AAD9-49E7-45E7-A87B-13B45441F47C}.Debug|Any CPU.Build.0 = Debug|Any CPU
		{3C59AAD9-49E7-45E7-A87B-13B45441F47C}.Release|Any CPU.ActiveCfg = Release|Any CPU
		{3C59AAD9-49E7-45E7-A87B-13B45441F47C}.Release|Any CPU.Build.0 = Release|Any CPU
		{4A6DD88D-FB57-4202-9AFD-4C5EFADA6F66}.Debug|Any CPU.ActiveCfg = Debug|Any CPU
		{4A6DD88D-FB57-4202-9AFD-4C5EFADA6F66}.Debug|Any CPU.Build.0 = Debug|Any CPU
		{4A6DD88D-FB57-4202-9AFD-4C5EFADA6F66}.Release|Any CPU.ActiveCfg = Release|Any CPU
		{4A6DD88D-FB57-4202-9AFD-4C5EFADA6F66}.Release|Any CPU.Build.0 = Release|Any CPU
		{863677A4-15D4-45D9-BEB5-4D18EAF9130D}.Debug|Any CPU.ActiveCfg = Debug|Any CPU
		{863677A4-15D4-45D9-BEB5-4D18EAF9130D}.Debug|Any CPU.Build.0 = Debug|Any CPU
		{863677A4-15D4-45D9-BEB5-4D18EAF9130D}.Release|Any CPU.ActiveCfg = Release|Any CPU
		{863677A4-15D4-45D9-BEB5-4D18EAF9130D}.Release|Any CPU.Build.0 = Release|Any CPU
		{FAA4F6E8-5C99-48DF-98BC-3CF867D1A366}.Debug|Any CPU.ActiveCfg = Debug|Any CPU
		{FAA4F6E8-5C99-48DF-98BC-3CF867D1A366}.Debug|Any CPU.Build.0 = Debug|Any CPU
		{FAA4F6E8-5C99-48DF-98BC-3CF867D1A366}.Release|Any CPU.ActiveCfg = Release|Any CPU
		{FAA4F6E8-5C99-48DF-98BC-3CF867D1A366}.Release|Any CPU.Build.0 = Release|Any CPU
		{5500DBB7-EE06-4810-8E9D-696A57A67265}.Debug|Any CPU.ActiveCfg = Debug|Any CPU
		{5500DBB7-EE06-4810-8E9D-696A57A67265}.Debug|Any CPU.Build.0 = Debug|Any CPU
		{5500DBB7-EE06-4810-8E9D-696A57A67265}.Release|Any CPU.ActiveCfg = Release|Any CPU
		{5500DBB7-EE06-4810-8E9D-696A57A67265}.Release|Any CPU.Build.0 = Release|Any CPU
		{1E561CF3-6F6C-4054-8F16-339D0FB084E5}.Debug|Any CPU.ActiveCfg = Debug|Any CPU
		{1E561CF3-6F6C-4054-8F16-339D0FB084E5}.Debug|Any CPU.Build.0 = Debug|Any CPU
		{1E561CF3-6F6C-4054-8F16-339D0FB084E5}.Release|Any CPU.ActiveCfg = Release|Any CPU
		{1E561CF3-6F6C-4054-8F16-339D0FB084E5}.Release|Any CPU.Build.0 = Release|Any CPU
		{E16DBB4E-B068-45E4-ADB6-77D468E3E35D}.Debug|Any CPU.ActiveCfg = Debug|Any CPU
		{E16DBB4E-B068-45E4-ADB6-77D468E3E35D}.Debug|Any CPU.Build.0 = Debug|Any CPU
		{E16DBB4E-B068-45E4-ADB6-77D468E3E35D}.Release|Any CPU.ActiveCfg = Release|Any CPU
		{E16DBB4E-B068-45E4-ADB6-77D468E3E35D}.Release|Any CPU.Build.0 = Release|Any CPU
		{747220C9-2893-42BE-B066-FC492194D146}.Debug|Any CPU.ActiveCfg = Debug|Any CPU
		{747220C9-2893-42BE-B066-FC492194D146}.Debug|Any CPU.Build.0 = Debug|Any CPU
		{747220C9-2893-42BE-B066-FC492194D146}.Release|Any CPU.ActiveCfg = Release|Any CPU
		{747220C9-2893-42BE-B066-FC492194D146}.Release|Any CPU.Build.0 = Release|Any CPU
		{8BD05702-F34A-4AA5-99F4-2F32A3F77E47}.Debug|Any CPU.ActiveCfg = Debug|Any CPU
		{8BD05702-F34A-4AA5-99F4-2F32A3F77E47}.Debug|Any CPU.Build.0 = Debug|Any CPU
		{8BD05702-F34A-4AA5-99F4-2F32A3F77E47}.Release|Any CPU.ActiveCfg = Release|Any CPU
		{8BD05702-F34A-4AA5-99F4-2F32A3F77E47}.Release|Any CPU.Build.0 = Release|Any CPU
	EndGlobalSection
	GlobalSection(SolutionProperties) = preSolution
		HideSolutionNode = FALSE
	EndGlobalSection
	GlobalSection(NestedProjects) = preSolution
		{4A6DD88D-FB57-4202-9AFD-4C5EFADA6F66} = {E196ED40-C7C3-401E-8F2F-AEB9F814266C}
		{863677A4-15D4-45D9-BEB5-4D18EAF9130D} = {E196ED40-C7C3-401E-8F2F-AEB9F814266C}
		{250C87FD-09D6-480A-AF1D-8281D8A0E132} = {B02974DC-4651-454F-A29F-FE722306420A}
		{32C48842-8EAE-463C-81CC-9C2CE4A37396} = {B02974DC-4651-454F-A29F-FE722306420A}
		{15B3E0D2-6217-493A-A690-158C497F5318} = {A7ECF6A4-77AD-4043-94E9-A24AFBA45B03}
		{7F28EBDB-34CC-4F78-AAD2-A87EA4C8AFEF} = {A7ECF6A4-77AD-4043-94E9-A24AFBA45B03}
		{3C59AAD9-49E7-45E7-A87B-13B45441F47C} = {A7ECF6A4-77AD-4043-94E9-A24AFBA45B03}
		{FAA4F6E8-5C99-48DF-98BC-3CF867D1A366} = {944A7383-D313-479B-A3E4-38785279F794}
		{5500DBB7-EE06-4810-8E9D-696A57A67265} = {944A7383-D313-479B-A3E4-38785279F794}
		{1E561CF3-6F6C-4054-8F16-339D0FB084E5} = {61BCDF47-3D1A-4636-B924-6F905C3632EA}
		{E16DBB4E-B068-45E4-ADB6-77D468E3E35D} = {61BCDF47-3D1A-4636-B924-6F905C3632EA}
		{747220C9-2893-42BE-B066-FC492194D146} = {61BCDF47-3D1A-4636-B924-6F905C3632EA}
		{8BD05702-F34A-4AA5-99F4-2F32A3F77E47} = {61BCDF47-3D1A-4636-B924-6F905C3632EA}
	EndGlobalSection
EndGlobal
